<?xml version="1.0" encoding="UTF-8" standalone="yes" ?>
<CodeBlocks_project_file>
	<FileVersion major="1" minor="6" />
	<Project>
		<Option title="FileIO" />
		<Option pch_mode="2" />
		<Option compiler="gcc" />
		<Build>
			<Target title="Debug">
				<Option output="bin/Debug/FileIO" prefix_auto="1" extension_auto="1" />
				<Option working_dir="" />
				<Option object_output="obj/Debug/" />
				<Option type="2" />
				<Option compiler="gcc" />
				<Option createDefFile="1" />
				<Compiler>
					<Add option="-Wall" />
					<Add option="-g" />
					<Add directory="../Realeased Componenets/dmm/V100/Includes" />
				</Compiler>
				<Linker>
					<Add library="../Realeased Componenets/dmm/V100/libdmm_V100.a" />
					<Add directory="../Realeased Componenets/dmm/V100/Includes" />
				</Linker>
			</Target>
			<Target title="Release">
				<Option output="bin/Release/FileIO" prefix_auto="1" extension_auto="1" />
				<Option working_dir="" />
				<Option object_output="obj/Release/" />
				<Option type="2" />
				<Option compiler="gcc" />
				<Option createDefFile="1" />
				<Compiler>
					<Add option="-O2" />
					<Add option="-Wall" />
				</Compiler>
				<Linker>
					<Add option="-s" />
				</Linker>
			</Target>
		</Build>
		<Unit filename="Includes/FileIO.h" />
		<Unit filename="Includes/FileIOAscii.h" />
		<Unit filename="Includes/FileIOBinary.h" />
		<Unit filename="Sources/FileIO.c">
			<Option compilerVar="CC" />
		</Unit>
		<Unit filename="Sources/FileIOAscii.c">
			<Option compilerVar="CC" />
		</Unit>
		<Unit filename="Sources/FileIOBinary.c">
			<Option compilerVar="CC" />
		</Unit>
		<Extensions>
			<code_completion />
			<envvars />
			<debugger />
		</Extensions>
	</Project>
</CodeBlocks_project_file>
